#MicroXplorer Configuration settings - do not modify
SH.FMC_D7_DA7.1=FMC_DA7,24b-da1
SH.FMC_D7_DA7.0=FMC_D7,sd-8b-d1
VP_STMicroelectronics.X-CUBE-AI_VS_ArtificialOoIntelligenceJjXAaCUBEAaAI_6.0.0.Mode=ArtificialOoIntelligenceJjXAaCUBEAaAI
SH.FMC_D0_DA0.ConfNb=2
RCC.USART1Freq_Value=108000000
USART2.IPParameters=VirtualMode-Synchronous
SH.FMC_A8.ConfNb=1
SH.FMC_A4.ConfNb=1
SH.FMC_A0.ConfNb=1
SH.FMC_D6_DA6.ConfNb=2
SH.FMC_D9_DA9.ConfNb=1
SH.FMC_A23.ConfNb=1
SH.FMC_A0.0=FMC_A0,11b-sda1
PG4.Signal=FMC_A14_BA0
PG8.Signal=FMC_SDCLK
RCC.PLLCLKFreq_Value=216000000
RCC.PLLQCLKFreq_Value=216000000
PG0.Signal=FMC_A10
SH.FMC_SDNWE.ConfNb=1
STMicroelectronics.X-CUBE-AI.6.0.0.StackSize=0x4000
USART1.IPParameters=VirtualMode-Synchronous
SH.FMC_D5_DA5.1=FMC_DA5,24b-da1
SH.FMC_D5_DA5.0=FMC_D5,sd-8b-d1
SH.FMC_A19.0=FMC_A19,24b-da1
SH.FMC_NOE.ConfNb=1
PinOutPanel.RotationAngle=0
PH2.GPIO_ModeDefaultEXTI=GPIO_MODE_IT_FALLING
SH.FMC_NWE.0=FMC_NWE,MuxedPsram1
RCC.SYSCLKSource=RCC_SYSCLKSOURCE_PLLCLK
SH.FMC_A15_BA1.0=FMC_BA1,FourSdramBanks1
SH.FMC_D9_DA9.0=FMC_DA9,24b-da1
RCC.LPTIM1Freq_Value=54000000
NVIC.SVCall_IRQn=true\:0\:0\:false\:false\:false\:false\:false\:false
PA4.Mode=Synchronous
RCC.LCDTFTFreq_Value=96000000
SH.FMC_SDNWE.0=FMC_SDNWE,11b-sda1
SH.FMC_D11_DA11.0=FMC_DA11,24b-da1
RCC.I2C4Freq_Value=54000000
PD4.Signal=FMC_NOE
RCC.APB2TimFreq_Value=216000000
SH.FMC_D10_DA10.ConfNb=1
PH1/OSC_OUT.Signal=RCC_OSC_OUT
PC3.Signal=FMC_SDCKE0
PD0.Signal=FMC_D2_DA2
RCC.SAI2Freq_Value=192000000
PD8.Signal=FMC_D13_DA13
PE5.Signal=FMC_A21
RCC.USART3Freq_Value=54000000
RCC.PLLSAIRCLKFreq_Value=192000000
ProjectManager.ProjectBuild=false
SH.FMC_A18.0=FMC_A18,24b-da1
NVIC.UsageFault_IRQn=true\:0\:0\:false\:false\:true\:false\:false\:false
ProjectManager.FirmwarePackage=STM32Cube FW_F7 V1.16.1
MxDb.Version=DB.6.0.21
ProjectManager.BackupPrevious=false
PE9.Signal=FMC_D6_DA6
SH.FMC_A2.0=FMC_A2,11b-sda1
PB14.Mode=Synchronous
SH.FMC_D15_DA15.ConfNb=1
PE2.Signal=FMC_A23
PA8.Signal=USART1_CK
SH.FMC_D1_DA1.0=FMC_D1,sd-8b-d1
SH.FMC_D1_DA1.1=FMC_DA1,24b-da1
NVIC.PendSV_IRQn=true\:15\:0\:false\:false\:false\:true\:false\:false
PF3.Signal=FMC_A3
VP_FREERTOS_VS_CMSIS_V1.Mode=CMSIS_V1
PE10.Signal=FMC_D7_DA7
ProjectManager.HalAssertFull=false
RCC.MCO2PinFreq_Value=216000000
Mcu.Package=LQFP176
NVIC.TimeBase=TIM1_UP_TIM10_IRQn
PD12.Signal=FMC_A17_ALE
STMicroelectronics.X-CUBE-ALGOBUILD.1.2.0.LibraryCcDSPOoLibraryJjDSPOoLibrary=true
SH.FMC_SDNCAS.ConfNb=1
NVIC.TimeBaseIP=TIM1
FREERTOS.FootprintOK=true
RCC.DFSDMFreq_Value=108000000
SH.FMC_A1.0=FMC_A1,11b-sda1
PH2.Signal=GPXTI2
RCC.APB2CLKDivider=RCC_HCLK_DIV2
NVIC.EXTI2_IRQn=true\:5\:0\:false\:false\:true\:true\:true\:true
SH.FMC_SDCLK.0=FMC_SDCLK,11b-sda1
RCC.CECFreq_Value=32786.88524590164
PF14.Signal=FMC_A8
RCC.APB1TimFreq_Value=108000000
NVIC.BusFault_IRQn=true\:0\:0\:false\:false\:true\:false\:false\:false
STMicroelectronics.X-CUBE-ALGOBUILD.1.2.0.IPParameters=LibraryCcDSPOoLibraryJjDSPOoLibrary
RCC.DFSDMAudioFreq_Value=192000000
PD15.Signal=FMC_D1_DA1
SH.FMC_D3_DA3.0=FMC_D3,sd-8b-d1
ProjectManager.CustomerFirmwarePackage=
SH.FMC_D3_DA3.1=FMC_DA3,24b-da1
RCC.PLLSAIQCLKFreq_Value=192000000
SH.FMC_D3_DA3.ConfNb=2
SH.FMC_A4.0=FMC_A4,11b-sda1
SH.FMC_A7.ConfNb=1
RCC.PLLQoutputFreq_Value=216000000
ProjectManager.ProjectFileName=bbb.ioc
SH.FMC_A5.ConfNb=1
SH.FMC_A1.ConfNb=1
FREERTOS.Tasks01=defaultTask,0,1280,StartDefaultTask,Default,NULL,Dynamic,NULL,NULL;myTask02,-3,128,StartTask02,Default,NULL,Dynamic,NULL,NULL;myTask03,-3,128,StartTask03,Default,NULL,Dynamic,NULL,NULL
SH.FMC_A20.ConfNb=1
SH.FMC_A22.ConfNb=1
Mcu.PinsNb=60
PG5.Signal=FMC_A15_BA1
SH.FMC_D10_DA10.0=FMC_DA10,24b-da1
PC2.Signal=FMC_SDNE0
PD1.Signal=FMC_D3_DA3
RCC.UART8Freq_Value=54000000
PC0.Signal=FMC_SDNWE
RCC.APB1CLKDivider=RCC_HCLK_DIV4
SH.FMC_NOE.0=FMC_NOE,MuxedPsram1
SH.FMC_A16_CLE.ConfNb=1
STMicroelectronics.X-CUBE-ALGOBUILD.1.2.0.DSPOoLibraryJjLibrary_Checked=true
PD10.Signal=FMC_D15_DA15
PA3.Mode=Synchronous
SH.FMC_A3.0=FMC_A3,11b-sda1
Mcu.Pin59=VP_STMicroelectronics.X-CUBE-ALGOBUILD_VS_DSPOoLibraryJjLibrary_1.2.0_1.2.0
SH.GPXTI2.ConfNb=1
Mcu.Pin57=VP_SYS_VS_tim1
Mcu.Pin58=VP_STMicroelectronics.X-CUBE-AI_VS_ArtificialOoIntelligenceJjXAaCUBEAaAI_6.0.0
USART2.VirtualMode-Synchronous=VM_SYNC
Mcu.Pin51=PD1
RCC.USART6Freq_Value=108000000
SH.FMC_D15_DA15.0=FMC_DA15,24b-da1
Mcu.Pin52=PD4
Mcu.Pin50=PD0
VP_CRC_VS_CRC.Signal=CRC_VS_CRC
Mcu.Pin55=VP_CRC_VS_CRC
Mcu.Pin56=VP_FREERTOS_VS_CMSIS_V1
Mcu.Pin53=PD5
Mcu.Pin54=PG15
Mcu.Pin48=PC8
Mcu.Pin49=PA8
Mcu.Pin46=PG5
Mcu.Pin47=PG8
PB14.Signal=USART1_TX
Mcu.Pin40=PD11
Mcu.Pin41=PD12
Mcu.Pin44=PD15
Mcu.Pin45=PG4
Mcu.Pin42=PD13
Mcu.Pin43=PD14
ProjectManager.LastFirmware=true
VP_STMicroelectronics.X-CUBE-ALGOBUILD_VS_DSPOoLibraryJjLibrary_1.2.0_1.2.0.Signal=STMicroelectronics.X-CUBE-ALGOBUILD_VS_DSPOoLibraryJjLibrary_1.2.0_1.2.0
SH.FMC_A6.0=FMC_A6,11b-sda1
PE14.Signal=FMC_D11_DA11
PE15.Signal=FMC_D12_DA12
Mcu.Pin37=PD8
SH.FMC_A21.0=FMC_A21,24b-da1
Mcu.Pin38=PD9
Mcu.Pin35=PB14
RCC.I2C1Freq_Value=54000000
PE8.Signal=FMC_D5_DA5
Mcu.Pin36=PB15
VP_SYS_VS_tim1.Signal=SYS_VS_tim1
RCC.PLLI2SPCLKFreq_Value=192000000
SH.FMC_D14_DA14.ConfNb=1
Mcu.Pin39=PD10
RCC.RNGFreq_Value=216000000
Mcu.Pin30=PE11
RCC.EthernetFreq_Value=216000000
Mcu.Pin33=PE14
Mcu.Pin34=PE15
Mcu.Pin31=PE12
Mcu.Pin32=PE13
NVIC.NonMaskableInt_IRQn=true\:0\:0\:false\:false\:true\:false\:false\:false
PF13.Signal=FMC_A7
SH.FMC_SDNCAS.0=FMC_SDNCAS,11b-sda1
ProjectManager.FreePins=false
RCC.PLLI2SQCLKFreq_Value=192000000
Mcu.Pin26=PE7
Mcu.Pin27=PE8
Mcu.Pin24=PF15
ProjectManager.UnderRoot=true
Mcu.Pin25=PG0
CORTEX_M7.IPParameters=CPU_ICache,CPU_DCache
Mcu.Pin28=PE9
PC8.Mode=NorPsramChipSelect2_1
Mcu.Pin29=PE10
SH.FMC_D7_DA7.ConfNb=2
PA4.Signal=USART2_CK
Mcu.Pin22=PF13
Mcu.Pin23=PF14
Mcu.Pin20=PF11
Mcu.Pin21=PF12
NVIC.ForceEnableDMAVector=true
PD11.Signal=FMC_A16_CLE
NVIC.MemoryManagement_IRQn=true\:0\:0\:false\:false\:true\:false\:false\:false
SH.FMC_A10.ConfNb=1
ProjectManager.CompilerOptimize=6
SH.FMC_A5.0=FMC_A5,11b-sda1
SH.FMC_SDNRAS.ConfNb=1
ProjectManager.HeapSize=0x4000
Mcu.Pin15=PC3
NVIC.HardFault_IRQn=true\:0\:0\:false\:false\:true\:false\:false\:false
Mcu.Pin16=PA2
SH.FMC_A20.0=FMC_A20,24b-da1
Mcu.Pin13=PC0
Mcu.Pin14=PC2
Mcu.Pin19=PA4
NVIC.TIM1_UP_TIM10_IRQn=true\:0\:0\:false\:false\:true\:false\:false\:true
ProjectManager.ComputerToolchain=false
Mcu.Pin17=PH2
Mcu.Pin18=PA3
STMicroelectronics.X-CUBE-ALGOBUILD.1.2.0_SwParameter=LibraryCcDSPOoLibraryJjDSPOoLibrary\:true;
NVIC.PriorityGroup=NVIC_PRIORITYGROUP_4
Mcu.Pin11=PH0/OSC_IN
Mcu.Pin12=PH1/OSC_OUT
Mcu.Pin10=PF5
PE3.Signal=FMC_A19
PA8.Mode=Synchronous
PF4.Signal=FMC_A4
SH.FMC_D12_DA12.ConfNb=1
RCC.I2C2Freq_Value=54000000
RCC.SDMMC2Freq_Value=216000000
Mcu.Family=STM32F7
PC3.Mode=SdramChipSelect1_1
ProjectManager.MainLocation=Core/Src
SH.FMC_A6.ConfNb=1
RCC.SAI1Freq_Value=192000000
SH.FMC_A8.0=FMC_A8,11b-sda1
RCC.CortexFreq_Value=216000000
SH.FMC_A2.ConfNb=1
SH.FMC_A21.ConfNb=1
ProjectManager.KeepUserCode=true
Mcu.UserName=STM32F767IGTx
SH.FMC_D14_DA14.0=FMC_DA14,24b-da1
SH.FMC_A23.0=FMC_A23,24b-da1
USART1.VirtualMode-Synchronous=VM_SYNC
ProjectManager.functionlistsort=1-MX_GPIO_Init-GPIO-false-HAL-true,2-SystemClock_Config-RCC-false-HAL-false,3-MX_USART1_Init-USART1-false-HAL-true,4-MX_USART2_Init-USART2-false-HAL-true,5-MX_CRC_Init-CRC-false-HAL-true,6-MX_FMC_Init-FMC-false-HAL-true,0-MX_CORTEX_M7_Init-CORTEX_M7-false-HAL-true
SH.FMC_D6_DA6.1=FMC_DA6,24b-da1
SH.FMC_D6_DA6.0=FMC_D6,sd-8b-d1
RCC.PLLI2SRCLKFreq_Value=192000000
RCC.USART2Freq_Value=54000000
SH.FMC_A14_BA0.0=FMC_BA0,FourSdramBanks1
PB15.Signal=USART1_RX
PG15.Signal=FMC_SDNCAS
ProjectManager.StackSize=0x8000
PH2.GPIO_PuPd=GPIO_NOPULL
SH.GPXTI2.0=GPIO_EXTI2
RCC.I2C3Freq_Value=54000000
PD13.Signal=FMC_A18
Mcu.IP4=NVIC
Mcu.IP5=RCC
RCC.FCLKCortexFreq_Value=216000000
Mcu.IP2=FMC
Mcu.IP3=FREERTOS
Mcu.IP0=CORTEX_M7
SH.FMC_A7.0=FMC_A7,11b-sda1
Mcu.IP1=CRC
SH.FMC_A22.0=FMC_A22,24b-da1
Mcu.UserConstants=
RCC.SDMMCFreq_Value=216000000
Mcu.ThirdPartyNb=2
STMicroelectronics.X-CUBE-AI.6.0.0_SwParameter=XAaCUBEAaAICcArtificialOoIntelligenceJjCore\:true;
PH0/OSC_IN.Mode=HSE-External-Oscillator
RCC.HCLKFreq_Value=216000000
Mcu.IPNb=9
RCC.PLLI2SRoutputFreq_Value=192000000
ProjectManager.PreviousToolchain=STM32CubeIDE
SH.FMC_NWE.ConfNb=1
RCC.SPDIFRXFreq_Value=192000000
PF12.Signal=FMC_A6
Mcu.Pin6=PF1
Mcu.Pin7=PF2
Mcu.Pin8=PF3
Mcu.Pin9=PF4
RCC.VCOSAIOutputFreq_Value=384000000
FREERTOS.IPParameters=Tasks01,FootprintOK,configTOTAL_HEAP_SIZE
SH.FMC_A10.0=FMC_A10,11b-sda1
RCC.AHBFreq_Value=216000000
Mcu.Pin0=PE2
Mcu.Pin1=PE3
GPIO.groupedBy=Group By Peripherals
Mcu.Pin2=PE4
Mcu.Pin3=PE5
Mcu.Pin4=PE6
Mcu.Pin5=PF0
RCC.HSE_VALUE=25000000
NVIC.DebugMonitor_IRQn=true\:0\:0\:false\:false\:true\:false\:false\:false
SH.FMC_A14_BA0.ConfNb=1
SH.FMC_D8_DA8.0=FMC_DA8,24b-da1
NVIC.SysTick_IRQn=true\:15\:0\:false\:false\:false\:true\:false\:true
SH.FMC_D2_DA2.0=FMC_D2,sd-8b-d1
SH.FMC_D2_DA2.1=FMC_DA2,24b-da1
Mcu.ThirdParty1=STMicroelectronics.X-CUBE-ALGOBUILD.1.2.0
Mcu.ThirdParty0=STMicroelectronics.X-CUBE-AI.6.0.0
PE13.Signal=FMC_D10_DA10
RCC.VCOInputFreq_Value=2000000
STMicroelectronics.X-CUBE-AI.6.0.0.XAaCUBEAaAICcArtificialOoIntelligenceJjCore=true
VP_SYS_VS_tim1.Mode=TIM1
PF11.Signal=FMC_SDNRAS
File.Version=6
SH.FMC_D5_DA5.ConfNb=2
SH.FMC_D2_DA2.ConfNb=2
SH.FMC_SDNRAS.0=FMC_SDNRAS,11b-sda1
PE4.Signal=FMC_A20
PH1/OSC_OUT.Mode=HSE-External-Oscillator
FREERTOS.configTOTAL_HEAP_SIZE=15360
ProjectManager.ProjectName=bbb
SH.FMC_D0_DA0.0=FMC_D0,sd-8b-d1
SH.FMC_D0_DA0.1=FMC_DA0,24b-da1
SH.FMC_D4_DA4.ConfNb=2
ProjectManager.ToolChainLocation=
RCC.LSI_VALUE=32000
SH.FMC_A9.0=FMC_A9,11b-sda1
SH.FMC_D4_DA4.1=FMC_DA4,24b-da1
SH.FMC_D4_DA4.0=FMC_D4,sd-8b-d1
PF5.Signal=FMC_A5
PF0.Signal=FMC_A0
PE7.Signal=FMC_D4_DA4
VP_STMicroelectronics.X-CUBE-ALGOBUILD_VS_DSPOoLibraryJjLibrary_1.2.0_1.2.0.Mode=DSPOoLibraryJjLibrary
PA3.Signal=USART2_RX
SH.FMC_A3.ConfNb=1
VP_STMicroelectronics.X-CUBE-AI_VS_ArtificialOoIntelligenceJjXAaCUBEAaAI_6.0.0.Signal=STMicroelectronics.X-CUBE-AI_VS_ArtificialOoIntelligenceJjXAaCUBEAaAI_6.0.0
RCC.I2SFreq_Value=192000000
SH.FMC_A9.ConfNb=1
CORTEX_M7.CPU_ICache=Enabled
RCC.UART7Freq_Value=54000000
ProjectManager.NoMain=false
NVIC.SavedSvcallIrqHandlerGenerated=true
RCC.PLLRFreq_Value=216000000
SH.FMC_SDCLK.ConfNb=1
PC8.Signal=FMC_NE2
ProjectManager.DefaultFWLocation=true
PC2.Mode=SdramChipSelect1_1
PD9.Signal=FMC_D14_DA14
PD5.Signal=FMC_NWE
SH.FMC_A19.ConfNb=1
ProjectManager.DeletePrevious=true
RCC.FamilyName=M
VP_FREERTOS_VS_CMSIS_V1.Signal=FREERTOS_VS_CMSIS_V1
SH.FMC_A15_BA1.ConfNb=1
STMicroelectronics.X-CUBE-AI.6.0.0.IPParameters=HeapSize,StackSize,XAaCUBEAaAICcArtificialOoIntelligenceJjCore
SH.FMC_A17_ALE.0=FMC_A17,24b-da1
ProjectManager.TargetToolchain=STM32CubeIDE
SH.FMC_D13_DA13.0=FMC_DA13,24b-da1
SH.FMC_A16_CLE.0=FMC_A16,24b-da1
SH.FMC_D1_DA1.ConfNb=2
PF2.Signal=FMC_A2
ProjectManager.RegisterCallBack=
RCC.USBFreq_Value=216000000
PH2.GPIOParameters=GPIO_PuPd,GPIO_ModeDefaultEXTI
RCC.PLLSAIoutputFreq_Value=192000000
PE11.Signal=FMC_D8_DA8
RCC.LSE_VALUE=32768
RCC.VCOI2SOutputFreq_Value=384000000
STMicroelectronics.X-CUBE-AI.6.0.0.ArtificialOoIntelligenceJjXAaCUBEAaAI_Checked=true
RCC.PLLSAIPCLKFreq_Value=192000000
board=custom
RCC.VCOOutputFreq_Value=432000000
PB15.Mode=Synchronous
PH0/OSC_IN.Signal=RCC_OSC_IN
NVIC.SavedSystickIrqHandlerGenerated=true
RCC.APB2Freq_Value=108000000
RCC.UART4Freq_Value=54000000
MxCube.Version=6.2.1
SH.FMC_D13_DA13.ConfNb=1
SH.FMC_D12_DA12.0=FMC_DA12,24b-da1
PF15.Signal=FMC_A9
PF1.Signal=FMC_A1
PE6.Signal=FMC_A22
SH.FMC_D11_DA11.ConfNb=1
RCC.UART5Freq_Value=54000000
RCC.IPParameters=AHBFreq_Value,APB1CLKDivider,APB1Freq_Value,APB1TimFreq_Value,APB2CLKDivider,APB2Freq_Value,APB2TimFreq_Value,CECFreq_Value,CortexFreq_Value,DFSDMAudioFreq_Value,DFSDMFreq_Value,EthernetFreq_Value,FCLKCortexFreq_Value,FamilyName,HCLKFreq_Value,HSE_VALUE,HSI_VALUE,I2C1Freq_Value,I2C2Freq_Value,I2C3Freq_Value,I2C4Freq_Value,I2SFreq_Value,LCDTFTFreq_Value,LPTIM1Freq_Value,LSE_VALUE,LSI_VALUE,MCO2PinFreq_Value,PLLCLKFreq_Value,PLLI2SPCLKFreq_Value,PLLI2SQCLKFreq_Value,PLLI2SRCLKFreq_Value,PLLI2SRoutputFreq_Value,PLLM,PLLN,PLLQCLKFreq_Value,PLLQoutputFreq_Value,PLLRFreq_Value,PLLSAIPCLKFreq_Value,PLLSAIQCLKFreq_Value,PLLSAIRCLKFreq_Value,PLLSAIoutputFreq_Value,RNGFreq_Value,SAI1Freq_Value,SAI2Freq_Value,SDMMC2Freq_Value,SDMMCFreq_Value,SPDIFRXFreq_Value,SYSCLKFreq_VALUE,SYSCLKSource,UART4Freq_Value,UART5Freq_Value,UART7Freq_Value,UART8Freq_Value,USART1Freq_Value,USART2Freq_Value,USART3Freq_Value,USART6Freq_Value,USBFreq_Value,VCOI2SOutputFreq_Value,VCOInputFreq_Value,VCOOutputFreq_Value,VCOSAIOutputFreq_Value
ProjectManager.AskForMigrate=true
Mcu.Name=STM32F767I(G-I)Tx
PE12.Signal=FMC_D9_DA9
NVIC.SavedPendsvIrqHandlerGenerated=true
PA2.Signal=USART2_TX
Mcu.IP8=USART2
PD14.Signal=FMC_D0_DA0
Mcu.IP6=SYS
Mcu.IP7=USART1
ProjectManager.CoupleFile=false
RCC.SYSCLKFreq_VALUE=216000000
KeepUserPlacement=false
SH.FMC_A17_ALE.ConfNb=1
STMicroelectronics.X-CUBE-AI.6.0.0.HeapSize=0x4000
RCC.HSI_VALUE=16000000
PH2.Locked=true
RCC.PLLM=8
RCC.PLLN=216
PA2.Mode=Synchronous
CORTEX_M7.CPU_DCache=Enabled
SH.FMC_D8_DA8.ConfNb=1
RCC.APB1Freq_Value=54000000
SH.FMC_A18.ConfNb=1
VP_CRC_VS_CRC.Mode=CRC_Activate
ProjectManager.DeviceId=STM32F767IGTx
ProjectManager.LibraryCopy=1
isbadioc=false
